
Microsoft Visual Studio Solution File, Format Version 12.00
Project("{2150E333-8FDC-42A3-9474-1A3956D46DE8}") = "Framework", "Framework", "{A7D937BE-52FE-4E63-B56C-7AEF1425AAFD}"
EndProject
Project("{2150E333-8FDC-42A3-9474-1A3956D46DE8}") = "UseCase", "UseCase", "{00F76F0A-71DA-4C41-B178-C4C2A61B0E77}"
EndProject
Project("{2150E333-8FDC-42A3-9474-1A3956D46DE8}") = "Presentation", "Presentation", "{48CCB083-01E8-4C16-94E1-D9A6D55AFA58}"
EndProject
Project("{FAE04EC0-301F-11D3-BF4B-00C04F79EFBC}") = "FBA.Repository.Contract", "FBA.Repository.Contract\FBA.Repository.Contract.csproj", "{9215295B-371B-43CF-8084-3A9F6B6D09EE}"
EndProject
Project("{FAE04EC0-301F-11D3-BF4B-00C04F79EFBC}") = "FBA.Repository", "FBA.Repository\FBA.Repository.csproj", "{D3507052-22AF-4D1A-B28F-C8AE88A2808A}"
EndProject
Project("{FAE04EC0-301F-11D3-BF4B-00C04F79EFBC}") = "FBA.CrossCutting.Contract", "FBA.CrossCutting.Contract\FBA.CrossCutting.Contract.csproj", "{D3AEFC2C-9C5F-47B5-98AC-14E74AC65ACD}"
EndProject
Project("{FAE04EC0-301F-11D3-BF4B-00C04F79EFBC}") = "FBA.CrossCutting", "FBA.CrossCutting\FBA.CrossCutting.csproj", "{3C7E6617-329F-4BBC-B5B5-663832807038}"
EndProject
Project("{FAE04EC0-301F-11D3-BF4B-00C04F79EFBC}") = "FBA.Backend", "FBA.Backend\FBA.Backend.csproj", "{42B3901E-E8F9-4B91-A73B-B47DEE12EA33}"
EndProject
Project("{FAE04EC0-301F-11D3-BF4B-00C04F79EFBC}") = "FBA.Tests", "FBA.Tests\FBA.Tests.csproj", "{FAE601CD-F6D8-44A4-AFDE-6FD5CEDC8461}"
EndProject
Project("{FAE04EC0-301F-11D3-BF4B-00C04F79EFBC}") = "FBA.Auth.Contract", "FBA.Auth.Contract\FBA.Auth.Contract.csproj", "{2ABC72F0-6E20-4942-8500-FC092ADE26EC}"
EndProject
Project("{FAE04EC0-301F-11D3-BF4B-00C04F79EFBC}") = "FBA.DependencyInjection", "FBA.DependencyInjection\FBA.DependencyInjection.csproj", "{C744F83A-A601-4741-A679-1520BCB750F9}"
EndProject
Project("{FAE04EC0-301F-11D3-BF4B-00C04F79EFBC}") = "FBA.Auth", "FBA.Auth\FBA.Auth.csproj", "{3B63DFD0-ADC6-42AE-AAF9-50960DF270C2}"
EndProject
Global
	GlobalSection(SolutionConfigurationPlatforms) = preSolution
		Debug|Any CPU = Debug|Any CPU
		Release|Any CPU = Release|Any CPU
	EndGlobalSection
	GlobalSection(NestedProjects) = preSolution
		{9215295B-371B-43CF-8084-3A9F6B6D09EE} = {A7D937BE-52FE-4E63-B56C-7AEF1425AAFD}
		{D3507052-22AF-4D1A-B28F-C8AE88A2808A} = {A7D937BE-52FE-4E63-B56C-7AEF1425AAFD}
		{D3AEFC2C-9C5F-47B5-98AC-14E74AC65ACD} = {A7D937BE-52FE-4E63-B56C-7AEF1425AAFD}
		{3C7E6617-329F-4BBC-B5B5-663832807038} = {A7D937BE-52FE-4E63-B56C-7AEF1425AAFD}
		{42B3901E-E8F9-4B91-A73B-B47DEE12EA33} = {48CCB083-01E8-4C16-94E1-D9A6D55AFA58}
		{FAE601CD-F6D8-44A4-AFDE-6FD5CEDC8461} = {48CCB083-01E8-4C16-94E1-D9A6D55AFA58}
		{2ABC72F0-6E20-4942-8500-FC092ADE26EC} = {00F76F0A-71DA-4C41-B178-C4C2A61B0E77}
		{C744F83A-A601-4741-A679-1520BCB750F9} = {A7D937BE-52FE-4E63-B56C-7AEF1425AAFD}
		{3B63DFD0-ADC6-42AE-AAF9-50960DF270C2} = {00F76F0A-71DA-4C41-B178-C4C2A61B0E77}
	EndGlobalSection
	GlobalSection(ProjectConfigurationPlatforms) = postSolution
		{9215295B-371B-43CF-8084-3A9F6B6D09EE}.Debug|Any CPU.ActiveCfg = Debug|Any CPU
		{9215295B-371B-43CF-8084-3A9F6B6D09EE}.Debug|Any CPU.Build.0 = Debug|Any CPU
		{9215295B-371B-43CF-8084-3A9F6B6D09EE}.Release|Any CPU.ActiveCfg = Release|Any CPU
		{9215295B-371B-43CF-8084-3A9F6B6D09EE}.Release|Any CPU.Build.0 = Release|Any CPU
		{D3507052-22AF-4D1A-B28F-C8AE88A2808A}.Debug|Any CPU.ActiveCfg = Debug|Any CPU
		{D3507052-22AF-4D1A-B28F-C8AE88A2808A}.Debug|Any CPU.Build.0 = Debug|Any CPU
		{D3507052-22AF-4D1A-B28F-C8AE88A2808A}.Release|Any CPU.ActiveCfg = Release|Any CPU
		{D3507052-22AF-4D1A-B28F-C8AE88A2808A}.Release|Any CPU.Build.0 = Release|Any CPU
		{D3AEFC2C-9C5F-47B5-98AC-14E74AC65ACD}.Debug|Any CPU.ActiveCfg = Debug|Any CPU
		{D3AEFC2C-9C5F-47B5-98AC-14E74AC65ACD}.Debug|Any CPU.Build.0 = Debug|Any CPU
		{D3AEFC2C-9C5F-47B5-98AC-14E74AC65ACD}.Release|Any CPU.ActiveCfg = Release|Any CPU
		{D3AEFC2C-9C5F-47B5-98AC-14E74AC65ACD}.Release|Any CPU.Build.0 = Release|Any CPU
		{3C7E6617-329F-4BBC-B5B5-663832807038}.Debug|Any CPU.ActiveCfg = Debug|Any CPU
		{3C7E6617-329F-4BBC-B5B5-663832807038}.Debug|Any CPU.Build.0 = Debug|Any CPU
		{3C7E6617-329F-4BBC-B5B5-663832807038}.Release|Any CPU.ActiveCfg = Release|Any CPU
		{3C7E6617-329F-4BBC-B5B5-663832807038}.Release|Any CPU.Build.0 = Release|Any CPU
		{42B3901E-E8F9-4B91-A73B-B47DEE12EA33}.Debug|Any CPU.ActiveCfg = Debug|Any CPU
		{42B3901E-E8F9-4B91-A73B-B47DEE12EA33}.Debug|Any CPU.Build.0 = Debug|Any CPU
		{42B3901E-E8F9-4B91-A73B-B47DEE12EA33}.Release|Any CPU.ActiveCfg = Release|Any CPU
		{42B3901E-E8F9-4B91-A73B-B47DEE12EA33}.Release|Any CPU.Build.0 = Release|Any CPU
		{FAE601CD-F6D8-44A4-AFDE-6FD5CEDC8461}.Debug|Any CPU.ActiveCfg = Debug|Any CPU
		{FAE601CD-F6D8-44A4-AFDE-6FD5CEDC8461}.Debug|Any CPU.Build.0 = Debug|Any CPU
		{FAE601CD-F6D8-44A4-AFDE-6FD5CEDC8461}.Release|Any CPU.ActiveCfg = Release|Any CPU
		{FAE601CD-F6D8-44A4-AFDE-6FD5CEDC8461}.Release|Any CPU.Build.0 = Release|Any CPU
		{2ABC72F0-6E20-4942-8500-FC092ADE26EC}.Debug|Any CPU.ActiveCfg = Debug|Any CPU
		{2ABC72F0-6E20-4942-8500-FC092ADE26EC}.Debug|Any CPU.Build.0 = Debug|Any CPU
		{2ABC72F0-6E20-4942-8500-FC092ADE26EC}.Release|Any CPU.ActiveCfg = Release|Any CPU
		{2ABC72F0-6E20-4942-8500-FC092ADE26EC}.Release|Any CPU.Build.0 = Release|Any CPU
		{C744F83A-A601-4741-A679-1520BCB750F9}.Debug|Any CPU.ActiveCfg = Debug|Any CPU
		{C744F83A-A601-4741-A679-1520BCB750F9}.Debug|Any CPU.Build.0 = Debug|Any CPU
		{C744F83A-A601-4741-A679-1520BCB750F9}.Release|Any CPU.ActiveCfg = Release|Any CPU
		{C744F83A-A601-4741-A679-1520BCB750F9}.Release|Any CPU.Build.0 = Release|Any CPU
		{3B63DFD0-ADC6-42AE-AAF9-50960DF270C2}.Debug|Any CPU.ActiveCfg = Debug|Any CPU
		{3B63DFD0-ADC6-42AE-AAF9-50960DF270C2}.Debug|Any CPU.Build.0 = Debug|Any CPU
		{3B63DFD0-ADC6-42AE-AAF9-50960DF270C2}.Release|Any CPU.ActiveCfg = Release|Any CPU
		{3B63DFD0-ADC6-42AE-AAF9-50960DF270C2}.Release|Any CPU.Build.0 = Release|Any CPU
	EndGlobalSection
EndGlobal
